{
  "object": {
    "pins": [
      {
        "package": "Daily",
        "repositoryURL": "https://github.com/daily-co/daily-client-ios.git",
        "state": {
          "branch": null,
          "revision": "7284d0dc959ef009610f0267d4078dad24f8a038",
          "version": "0.33.0"
        }
      },
      {
        "package": "PipecatClientIOS",
        "repositoryURL": "https://github.com/pipecat-ai/pipecat-client-ios.git",
        "state": {
          "branch": null,
          "revision": "2d64b9c7c6bf4ec2343d46338936a83686c5afa5",
          "version": "1.0.0"
        }
      }
    ]
  },
  "version": 1
}
