{
  "object": {
    "pins": [
      {
        "package": "Daily",
        "repositoryURL": "https://github.com/daily-co/daily-client-ios.git",
        "state": {
          "branch": null,
          "revision": "cd03840916cf71ba3458a6871ba59d6a5c52474b",
          "version": "0.38.0"
        }
      },
      {
        "package": "PipecatClientIOS",
        "repositoryURL": "https://github.com/pipecat-ai/pipecat-client-ios.git",
        "state": {
          "branch": null,
          "revision": "ebf07b85ed99bfec27ae579c5b56430ec88eafdf",
          "version": "1.3.0"
        }
      }
    ]
  },
  "version": 1
}
