{
  "object": {
    "pins": [
      {
        "package": "Daily",
        "repositoryURL": "https://github.com/daily-co/daily-client-ios.git",
        "state": {
          "branch": null,
          "revision": "14a5b65c826c526a0b9372a5d63d228a045ac4ef",
          "version": "0.35.0"
        }
      },
      {
        "package": "PipecatClientIOS",
        "repositoryURL": "https://github.com/pipecat-ai/pipecat-client-ios.git",
        "state": {
          "branch": null,
          "revision": "4041082a18b9cdb6d68e9eb33138630a91048a33",
          "version": "1.1.3"
        }
      }
    ]
  },
  "version": 1
}
